// !$*UTF8*$!
{
	archiveVersion = 1;
	classes = {
	};
	objectVersion = 48;
	objects = {

/* Begin PBXBuildFile section */
		6302FFD41FA6F00F00226581 /* values.swift in Sources */ = {isa = PBXBuildFile; fileRef = 6302FFD31FA6F00F00226581 /* values.swift */; };
		638F2E6F1FBA2EA4001805C2 /* Localizable.strings in Resources */ = {isa = PBXBuildFile; fileRef = 638F2E6D1FBA2EA4001805C2 /* Localizable.strings */; };
		63AB32FC1FA2BAF800ED5452 /* AppDelegate.swift in Sources */ = {isa = PBXBuildFile; fileRef = 63AB32FB1FA2BAF800ED5452 /* AppDelegate.swift */; };
		63AB32FE1FA2BAF800ED5452 /* ViewController.swift in Sources */ = {isa = PBXBuildFile; fileRef = 63AB32FD1FA2BAF800ED5452 /* ViewController.swift */; };
		63AB33011FA2BAF800ED5452 /* Main.storyboard in Resources */ = {isa = PBXBuildFile; fileRef = 63AB32FF1FA2BAF800ED5452 /* Main.storyboard */; };
		63AB33031FA2BAF800ED5452 /* Assets.xcassets in Resources */ = {isa = PBXBuildFile; fileRef = 63AB33021FA2BAF800ED5452 /* Assets.xcassets */; };
		63AB33061FA2BAF800ED5452 /* LaunchScreen.storyboard in Resources */ = {isa = PBXBuildFile; fileRef = 63AB33041FA2BAF800ED5452 /* LaunchScreen.storyboard */; };
		63AB33111FA2BAF800ED5452 /* Ohm_s_Law_CalculatorTests.swift in Sources */ = {isa = PBXBuildFile; fileRef = 63AB33101FA2BAF800ED5452 /* Ohm_s_Law_CalculatorTests.swift */; };
		63AB331C1FA2BAF800ED5452 /* Ohm_s_Law_CalculatorUITests.swift in Sources */ = {isa = PBXBuildFile; fileRef = 63AB331B1FA2BAF800ED5452 /* Ohm_s_Law_CalculatorUITests.swift */; };
/* End PBXBuildFile section */

/* Begin PBXContainerItemProxy section */
		63AB330D1FA2BAF800ED5452 /* PBXContainerItemProxy */ = {
			isa = PBXContainerItemProxy;
			containerPortal = 63AB32F01FA2BAF700ED5452 /* Project object */;
			proxyType = 1;
			remoteGlobalIDString = 63AB32F71FA2BAF800ED5452;
			remoteInfo = "Ohm's Law Calculator";
		};
		63AB33181FA2BAF800ED5452 /* PBXContainerItemProxy */ = {
			isa = PBXContainerItemProxy;
			containerPortal = 63AB32F01FA2BAF700ED5452 /* Project object */;
			proxyType = 1;
			remoteGlobalIDString = 63AB32F71FA2BAF800ED5452;
			remoteInfo = "Ohm's Law Calculator";
		};
/* End PBXContainerItemProxy section */

/* Begin PBXFileReference section */
		6302FFD31FA6F00F00226581 /* values.swift */ = {isa = PBXFileReference; lastKnownFileType = sourcecode.swift; path = values.swift; sourceTree = "<group>"; };
		6328EFC21FBE1784000A9066 /* Base */ = {isa = PBXFileReference; lastKnownFileType = text.plist.strings; name = Base; path = Base.lproj/Localizable.strings; sourceTree = "<group>"; };
		635985C01FBA3173000A809C /* de */ = {isa = PBXFileReference; lastKnownFileType = text.plist.strings; name = de; path = de.lproj/Main.strings; sourceTree = "<group>"; };
		635985C11FBA3173000A809C /* de */ = {isa = PBXFileReference; lastKnownFileType = text.plist.strings; name = de; path = de.lproj/LaunchScreen.strings; sourceTree = "<group>"; };
		635985C21FBA3173000A809C /* de */ = {isa = PBXFileReference; lastKnownFileType = text.plist.strings; name = de; path = de.lproj/Localizable.strings; sourceTree = "<group>"; };
		635985C31FBBA79E000A809C /* es-AR */ = {isa = PBXFileReference; lastKnownFileType = text.plist.strings; name = "es-AR"; path = "es-AR.lproj/Main.strings"; sourceTree = "<group>"; };
		635985C41FBBA79E000A809C /* es-AR */ = {isa = PBXFileReference; lastKnownFileType = text.plist.strings; name = "es-AR"; path = "es-AR.lproj/LaunchScreen.strings"; sourceTree = "<group>"; };
		635985C51FBBA79E000A809C /* es-AR */ = {isa = PBXFileReference; lastKnownFileType = text.plist.strings; name = "es-AR"; path = "es-AR.lproj/Localizable.strings"; sourceTree = "<group>"; };
		63AB32F81FA2BAF800ED5452 /* Ohm's Law Calculator.app */ = {isa = PBXFileReference; explicitFileType = wrapper.application; includeInIndex = 0; path = "Ohm's Law Calculator.app"; sourceTree = BUILT_PRODUCTS_DIR; };
		63AB32FB1FA2BAF800ED5452 /* AppDelegate.swift */ = {isa = PBXFileReference; lastKnownFileType = sourcecode.swift; path = AppDelegate.swift; sourceTree = "<group>"; };
		63AB32FD1FA2BAF800ED5452 /* ViewController.swift */ = {isa = PBXFileReference; lastKnownFileType = sourcecode.swift; path = ViewController.swift; sourceTree = "<group>"; };
		63AB33001FA2BAF800ED5452 /* Base */ = {isa = PBXFileReference; lastKnownFileType = file.storyboard; name = Base; path = Base.lproj/Main.storyboard; sourceTree = "<group>"; };
		63AB33021FA2BAF800ED5452 /* Assets.xcassets */ = {isa = PBXFileReference; lastKnownFileType = folder.assetcatalog; path = Assets.xcassets; sourceTree = "<group>"; };
		63AB33051FA2BAF800ED5452 /* Base */ = {isa = PBXFileReference; lastKnownFileType = file.storyboard; name = Base; path = Base.lproj/LaunchScreen.storyboard; sourceTree = "<group>"; };
		63AB33071FA2BAF800ED5452 /* Info.plist */ = {isa = PBXFileReference; lastKnownFileType = text.plist.xml; path = Info.plist; sourceTree = "<group>"; };
		63AB330C1FA2BAF800ED5452 /* Ohm's Law CalculatorTests.xctest */ = {isa = PBXFileReference; explicitFileType = wrapper.cfbundle; includeInIndex = 0; path = "Ohm's Law CalculatorTests.xctest"; sourceTree = BUILT_PRODUCTS_DIR; };
		63AB33101FA2BAF800ED5452 /* Ohm_s_Law_CalculatorTests.swift */ = {isa = PBXFileReference; lastKnownFileType = sourcecode.swift; path = Ohm_s_Law_CalculatorTests.swift; sourceTree = "<group>"; };
		63AB33121FA2BAF800ED5452 /* Info.plist */ = {isa = PBXFileReference; lastKnownFileType = text.plist.xml; path = Info.plist; sourceTree = "<group>"; };
		63AB33171FA2BAF800ED5452 /* Ohm's Law CalculatorUITests.xctest */ = {isa = PBXFileReference; explicitFileType = wrapper.cfbundle; includeInIndex = 0; path = "Ohm's Law CalculatorUITests.xctest"; sourceTree = BUILT_PRODUCTS_DIR; };
		63AB331B1FA2BAF800ED5452 /* Ohm_s_Law_CalculatorUITests.swift */ = {isa = PBXFileReference; lastKnownFileType = sourcecode.swift; path = Ohm_s_Law_CalculatorUITests.swift; sourceTree = "<group>"; };
		63AB331D1FA2BAF800ED5452 /* Info.plist */ = {isa = PBXFileReference; lastKnownFileType = text.plist.xml; path = Info.plist; sourceTree = "<group>"; };
/* End PBXFileReference section */

/* Begin PBXFrameworksBuildPhase section */
		63AB32F51FA2BAF800ED5452 /* Frameworks */ = {
			isa = PBXFrameworksBuildPhase;
			buildActionMask = 2147483647;
			files = (
			);
			runOnlyForDeploymentPostprocessing = 0;
		};
		63AB33091FA2BAF800ED5452 /* Frameworks */ = {
			isa = PBXFrameworksBuildPhase;
			buildActionMask = 2147483647;
			files = (
			);
			runOnlyForDeploymentPostprocessing = 0;
		};
		63AB33141FA2BAF800ED5452 /* Frameworks */ = {
			isa = PBXFrameworksBuildPhase;
			buildActionMask = 2147483647;
			files = (
			);
			runOnlyForDeploymentPostprocessing = 0;
		};
/* End PBXFrameworksBuildPhase section */

/* Begin PBXGroup section */
		63AB32EF1FA2BAF700ED5452 = {
			isa = PBXGroup;
			children = (
				63AB32FA1FA2BAF800ED5452 /* Ohm's Law Calculator */,
				63AB330F1FA2BAF800ED5452 /* Ohm's Law CalculatorTests */,
				63AB331A1FA2BAF800ED5452 /* Ohm's Law CalculatorUITests */,
				63AB32F91FA2BAF800ED5452 /* Products */,
			);
			sourceTree = "<group>";
		};
		63AB32F91FA2BAF800ED5452 /* Products */ = {
			isa = PBXGroup;
			children = (
				63AB32F81FA2BAF800ED5452 /* Ohm's Law Calculator.app */,
				63AB330C1FA2BAF800ED5452 /* Ohm's Law CalculatorTests.xctest */,
				63AB33171FA2BAF800ED5452 /* Ohm's Law CalculatorUITests.xctest */,
			);
			name = Products;
			sourceTree = "<group>";
		};
		63AB32FA1FA2BAF800ED5452 /* Ohm's Law Calculator */ = {
			isa = PBXGroup;
			children = (
				63AB32FB1FA2BAF800ED5452 /* AppDelegate.swift */,
				63AB32FD1FA2BAF800ED5452 /* ViewController.swift */,
				63AB32FF1FA2BAF800ED5452 /* Main.storyboard */,
				6302FFD31FA6F00F00226581 /* values.swift */,
				63AB33021FA2BAF800ED5452 /* Assets.xcassets */,
				63AB33041FA2BAF800ED5452 /* LaunchScreen.storyboard */,
				63AB33071FA2BAF800ED5452 /* Info.plist */,
				638F2E6D1FBA2EA4001805C2 /* Localizable.strings */,
			);
			path = "Ohm's Law Calculator";
			sourceTree = "<group>";
		};
		63AB330F1FA2BAF800ED5452 /* Ohm's Law CalculatorTests */ = {
			isa = PBXGroup;
			children = (
				63AB33101FA2BAF800ED5452 /* Ohm_s_Law_CalculatorTests.swift */,
				63AB33121FA2BAF800ED5452 /* Info.plist */,
			);
			path = "Ohm's Law CalculatorTests";
			sourceTree = "<group>";
		};
		63AB331A1FA2BAF800ED5452 /* Ohm's Law CalculatorUITests */ = {
			isa = PBXGroup;
			children = (
				63AB331B1FA2BAF800ED5452 /* Ohm_s_Law_CalculatorUITests.swift */,
				63AB331D1FA2BAF800ED5452 /* Info.plist */,
			);
			path = "Ohm's Law CalculatorUITests";
			sourceTree = "<group>";
		};
/* End PBXGroup section */

/* Begin PBXNativeTarget section */
		63AB32F71FA2BAF800ED5452 /* Ohm's Law Calculator */ = {
			isa = PBXNativeTarget;
			buildConfigurationList = 63AB33201FA2BAF800ED5452 /* Build configuration list for PBXNativeTarget "Ohm's Law Calculator" */;
			buildPhases = (
				63AB32F41FA2BAF800ED5452 /* Sources */,
				63AB32F51FA2BAF800ED5452 /* Frameworks */,
				63AB32F61FA2BAF800ED5452 /* Resources */,
			);
			buildRules = (
			);
			dependencies = (
			);
			name = "Ohm's Law Calculator";
			productName = "Ohm's Law Calculator";
			productReference = 63AB32F81FA2BAF800ED5452 /* Ohm's Law Calculator.app */;
			productType = "com.apple.product-type.application";
		};
		63AB330B1FA2BAF800ED5452 /* Ohm's Law CalculatorTests */ = {
			isa = PBXNativeTarget;
			buildConfigurationList = 63AB33231FA2BAF800ED5452 /* Build configuration list for PBXNativeTarget "Ohm's Law CalculatorTests" */;
			buildPhases = (
				63AB33081FA2BAF800ED5452 /* Sources */,
				63AB33091FA2BAF800ED5452 /* Frameworks */,
				63AB330A1FA2BAF800ED5452 /* Resources */,
			);
			buildRules = (
			);
			dependencies = (
				63AB330E1FA2BAF800ED5452 /* PBXTargetDependency */,
			);
			name = "Ohm's Law CalculatorTests";
			productName = "Ohm's Law CalculatorTests";
			productReference = 63AB330C1FA2BAF800ED5452 /* Ohm's Law CalculatorTests.xctest */;
			productType = "com.apple.product-type.bundle.unit-test";
		};
		63AB33161FA2BAF800ED5452 /* Ohm's Law CalculatorUITests */ = {
			isa = PBXNativeTarget;
			buildConfigurationList = 63AB33261FA2BAF800ED5452 /* Build configuration list for PBXNativeTarget "Ohm's Law CalculatorUITests" */;
			buildPhases = (
				63AB33131FA2BAF800ED5452 /* Sources */,
				63AB33141FA2BAF800ED5452 /* Frameworks */,
				63AB33151FA2BAF800ED5452 /* Resources */,
			);
			buildRules = (
			);
			dependencies = (
				63AB33191FA2BAF800ED5452 /* PBXTargetDependency */,
			);
			name = "Ohm's Law CalculatorUITests";
			productName = "Ohm's Law CalculatorUITests";
			productReference = 63AB33171FA2BAF800ED5452 /* Ohm's Law CalculatorUITests.xctest */;
			productType = "com.apple.product-type.bundle.ui-testing";
		};
/* End PBXNativeTarget section */

/* Begin PBXProject section */
		63AB32F01FA2BAF700ED5452 /* Project object */ = {
			isa = PBXProject;
			attributes = {
				LastSwiftUpdateCheck = 0900;
				LastUpgradeCheck = 0900;
				ORGANIZATIONNAME = "Christine Berger";
				TargetAttributes = {
					63AB32F71FA2BAF800ED5452 = {
						CreatedOnToolsVersion = 9.0.1;
						ProvisioningStyle = Automatic;
					};
					63AB330B1FA2BAF800ED5452 = {
						CreatedOnToolsVersion = 9.0.1;
						ProvisioningStyle = Automatic;
						TestTargetID = 63AB32F71FA2BAF800ED5452;
					};
					63AB33161FA2BAF800ED5452 = {
						CreatedOnToolsVersion = 9.0.1;
						ProvisioningStyle = Automatic;
						TestTargetID = 63AB32F71FA2BAF800ED5452;
					};
				};
			};
			buildConfigurationList = 63AB32F31FA2BAF700ED5452 /* Build configuration list for PBXProject "Ohm's Law Calculator" */;
			compatibilityVersion = "Xcode 8.0";
			developmentRegion = en;
			hasScannedForEncodings = 0;
			knownRegions = (
				en,
				Base,
				de,
				"es-AR",
			);
			mainGroup = 63AB32EF1FA2BAF700ED5452;
			productRefGroup = 63AB32F91FA2BAF800ED5452 /* Products */;
			projectDirPath = "";
			projectRoot = "";
			targets = (
				63AB32F71FA2BAF800ED5452 /* Ohm's Law Calculator */,
				63AB330B1FA2BAF800ED5452 /* Ohm's Law CalculatorTests */,
				63AB33161FA2BAF800ED5452 /* Ohm's Law CalculatorUITests */,
			);
		};
/* End PBXProject section */

/* Begin PBXResourcesBuildPhase section */
		63AB32F61FA2BAF800ED5452 /* Resources */ = {
			isa = PBXResourcesBuildPhase;
			buildActionMask = 2147483647;
			files = (
				63AB33061FA2BAF800ED5452 /* LaunchScreen.storyboard in Resources */,
				638F2E6F1FBA2EA4001805C2 /* Localizable.strings in Resources */,
				63AB33031FA2BAF800ED5452 /* Assets.xcassets in Resources */,
				63AB33011FA2BAF800ED5452 /* Main.storyboard in Resources */,
			);
			runOnlyForDeploymentPostprocessing = 0;
		};
		63AB330A1FA2BAF800ED5452 /* Resources */ = {
			isa = PBXResourcesBuildPhase;
			buildActionMask = 2147483647;
			files = (
			);
			runOnlyForDeploymentPostprocessing = 0;
		};
		63AB33151FA2BAF800ED5452 /* Resources */ = {
			isa = PBXResourcesBuildPhase;
			buildActionMask = 2147483647;
			files = (
			);
			runOnlyForDeploymentPostprocessing = 0;
		};
/* End PBXResourcesBuildPhase section */

/* Begin PBXSourcesBuildPhase section */
		63AB32F41FA2BAF800ED5452 /* Sources */ = {
			isa = PBXSourcesBuildPhase;
			buildActionMask = 2147483647;
			files = (
				6302FFD41FA6F00F00226581 /* values.swift in Sources */,
				63AB32FE1FA2BAF800ED5452 /* ViewController.swift in Sources */,
				63AB32FC1FA2BAF800ED5452 /* AppDelegate.swift in Sources */,
			);
			runOnlyForDeploymentPostprocessing = 0;
		};
		63AB33081FA2BAF800ED5452 /* Sources */ = {
			isa = PBXSourcesBuildPhase;
			buildActionMask = 2147483647;
			files = (
				63AB33111FA2BAF800ED5452 /* Ohm_s_Law_CalculatorTests.swift in Sources */,
			);
			runOnlyForDeploymentPostprocessing = 0;
		};
		63AB33131FA2BAF800ED5452 /* Sources */ = {
			isa = PBXSourcesBuildPhase;
			buildActionMask = 2147483647;
			files = (
				63AB331C1FA2BAF800ED5452 /* Ohm_s_Law_CalculatorUITests.swift in Sources */,
			);
			runOnlyForDeploymentPostprocessing = 0;
		};
/* End PBXSourcesBuildPhase section */

/* Begin PBXTargetDependency section */
		63AB330E1FA2BAF800ED5452 /* PBXTargetDependency */ = {
			isa = PBXTargetDependency;
			target = 63AB32F71FA2BAF800ED5452 /* Ohm's Law Calculator */;
			targetProxy = 63AB330D1FA2BAF800ED5452 /* PBXContainerItemProxy */;
		};
		63AB33191FA2BAF800ED5452 /* PBXTargetDependency */ = {
			isa = PBXTargetDependency;
			target = 63AB32F71FA2BAF800ED5452 /* Ohm's Law Calculator */;
			targetProxy = 63AB33181FA2BAF800ED5452 /* PBXContainerItemProxy */;
		};
/* End PBXTargetDependency section */

/* Begin PBXVariantGroup section */
		638F2E6D1FBA2EA4001805C2 /* Localizable.strings */ = {
			isa = PBXVariantGroup;
			children = (
				635985C21FBA3173000A809C /* de */,
				635985C51FBBA79E000A809C /* es-AR */,
				6328EFC21FBE1784000A9066 /* Base */,
			);
			name = Localizable.strings;
			sourceTree = "<group>";
		};
		63AB32FF1FA2BAF800ED5452 /* Main.storyboard */ = {
			isa = PBXVariantGroup;
			children = (
				63AB33001FA2BAF800ED5452 /* Base */,
				635985C01FBA3173000A809C /* de */,
				635985C31FBBA79E000A809C /* es-AR */,
			);
			name = Main.storyboard;
			sourceTree = "<group>";
		};
		63AB33041FA2BAF800ED5452 /* LaunchScreen.storyboard */ = {
			isa = PBXVariantGroup;
			children = (
				63AB33051FA2BAF800ED5452 /* Base */,
				635985C11FBA3173000A809C /* de */,
				635985C41FBBA79E000A809C /* es-AR */,
			);
			name = LaunchScreen.storyboard;
			sourceTree = "<group>";
		};
/* End PBXVariantGroup section */

/* Begin XCBuildConfiguration section */
		63AB331E1FA2BAF800ED5452 /* Debug */ = {
			isa = XCBuildConfiguration;
			buildSettings = {
				ALWAYS_SEARCH_USER_PATHS = NO;
				CLANG_ANALYZER_LOCALIZABILITY_NONLOCALIZED = YES;
				CLANG_ANALYZER_NONNULL = YES;
				CLANG_ANALYZER_NUMBER_OBJECT_CONVERSION = YES_AGGRESSIVE;
				CLANG_CXX_LANGUAGE_STANDARD = "gnu++14";
				CLANG_CXX_LIBRARY = "libc++";
				CLANG_ENABLE_MODULES = YES;
				CLANG_ENABLE_OBJC_ARC = YES;
				CLANG_WARN_BLOCK_CAPTURE_AUTORELEASING = YES;
				CLANG_WARN_BOOL_CONVERSION = YES;
				CLANG_WARN_COMMA = YES;
				CLANG_WARN_CONSTANT_CONVERSION = YES;
				CLANG_WARN_DIRECT_OBJC_ISA_USAGE = YES_ERROR;
				CLANG_WARN_DOCUMENTATION_COMMENTS = YES;
				CLANG_WARN_EMPTY_BODY = YES;
				CLANG_WARN_ENUM_CONVERSION = YES;
				CLANG_WARN_INFINITE_RECURSION = YES;
				CLANG_WARN_INT_CONVERSION = YES;
				CLANG_WARN_NON_LITERAL_NULL_CONVERSION = YES;
				CLANG_WARN_OBJC_LITERAL_CONVERSION = YES;
				CLANG_WARN_OBJC_ROOT_CLASS = YES_ERROR;
				CLANG_WARN_RANGE_LOOP_ANALYSIS = YES;
				CLANG_WARN_STRICT_PROTOTYPES = YES;
				CLANG_WARN_SUSPICIOUS_MOVE = YES;
				CLANG_WARN_UNGUARDED_AVAILABILITY = YES_AGGRESSIVE;
				CLANG_WARN_UNREACHABLE_CODE = YES;
				CLANG_WARN__DUPLICATE_METHOD_MATCH = YES;
				CODE_SIGN_IDENTITY = "iPhone Developer";
				COPY_PHASE_STRIP = NO;
				DEBUG_INFORMATION_FORMAT = dwarf;
				ENABLE_STRICT_OBJC_MSGSEND = YES;
				ENABLE_TESTABILITY = YES;
				GCC_C_LANGUAGE_STANDARD = gnu11;
				GCC_DYNAMIC_NO_PIC = NO;
				GCC_NO_COMMON_BLOCKS = YES;
				GCC_OPTIMIZATION_LEVEL = 0;
				GCC_PREPROCESSOR_DEFINITIONS = (
					"DEBUG=1",
					"$(inherited)",
				);
				GCC_WARN_64_TO_32_BIT_CONVERSION = YES;
				GCC_WARN_ABOUT_RETURN_TYPE = YES_ERROR;
				GCC_WARN_UNDECLARED_SELECTOR = YES;
				GCC_WARN_UNINITIALIZED_AUTOS = YES_AGGRESSIVE;
				GCC_WARN_UNUSED_FUNCTION = YES;
				GCC_WARN_UNUSED_VARIABLE = YES;
				IPHONEOS_DEPLOYMENT_TARGET = 11.0;
				MTL_ENABLE_DEBUG_INFO = YES;
				ONLY_ACTIVE_ARCH = YES;
				SDKROOT = iphoneos;
				SWIFT_ACTIVE_COMPILATION_CONDITIONS = DEBUG;
				SWIFT_OPTIMIZATION_LEVEL = "-Onone";
			};
			name = Debug;
		};
		63AB331F1FA2BAF800ED5452 /* Release */ = {
			isa = XCBuildConfiguration;
			buildSettings = {
				ALWAYS_SEARCH_USER_PATHS = NO;
				CLANG_ANALYZER_LOCALIZABILITY_NONLOCALIZED = YES;
				CLANG_ANALYZER_NONNULL = YES;
				CLANG_ANALYZER_NUMBER_OBJECT_CONVERSION = YES_AGGRESSIVE;
				CLANG_CXX_LANGUAGE_STANDARD = "gnu++14";
				CLANG_CXX_LIBRARY = "libc++";
				CLANG_ENABLE_MODULES = YES;
				CLANG_ENABLE_OBJC_ARC = YES;
				CLANG_WARN_BLOCK_CAPTURE_AUTORELEASING = YES;
				CLANG_WARN_BOOL_CONVERSION = YES;
				CLANG_WARN_COMMA = YES;
				CLANG_WARN_CONSTANT_CONVERSION = YES;
				CLANG_WARN_DIRECT_OBJC_ISA_USAGE = YES_ERROR;
				CLANG_WARN_DOCUMENTATION_COMMENTS = YES;
				CLANG_WARN_EMPTY_BODY = YES;
				CLANG_WARN_ENUM_CONVERSION = YES;
				CLANG_WARN_INFINITE_RECURSION = YES;
				CLANG_WARN_INT_CONVERSION = YES;
				CLANG_WARN_NON_LITERAL_NULL_CONVERSION = YES;
				CLANG_WARN_OBJC_LITERAL_CONVERSION = YES;
				CLANG_WARN_OBJC_ROOT_CLASS = YES_ERROR;
				CLANG_WARN_RANGE_LOOP_ANALYSIS = YES;
				CLANG_WARN_STRICT_PROTOTYPES = YES;
				CLANG_WARN_SUSPICIOUS_MOVE = YES;
				CLANG_WARN_UNGUARDED_AVAILABILITY = YES_AGGRESSIVE;
				CLANG_WARN_UNREACHABLE_CODE = YES;
				CLANG_WARN__DUPLICATE_METHOD_MATCH = YES;
				CODE_SIGN_IDENTITY = "iPhone Developer";
				COPY_PHASE_STRIP = NO;
				DEBUG_INFORMATION_FORMAT = "dwarf-with-dsym";
				ENABLE_NS_ASSERTIONS = NO;
				ENABLE_STRICT_OBJC_MSGSEND = YES;
				GCC_C_LANGUAGE_STANDARD = gnu11;
				GCC_NO_COMMON_BLOCKS = YES;
				GCC_WARN_64_TO_32_BIT_CONVERSION = YES;
				GCC_WARN_ABOUT_RETURN_TYPE = YES_ERROR;
				GCC_WARN_UNDECLARED_SELECTOR = YES;
				GCC_WARN_UNINITIALIZED_AUTOS = YES_AGGRESSIVE;
				GCC_WARN_UNUSED_FUNCTION = YES;
				GCC_WARN_UNUSED_VARIABLE = YES;
				IPHONEOS_DEPLOYMENT_TARGET = 11.0;
				MTL_ENABLE_DEBUG_INFO = NO;
				SDKROOT = iphoneos;
				SWIFT_OPTIMIZATION_LEVEL = "-Owholemodule";
				VALIDATE_PRODUCT = YES;
			};
			name = Release;
		};
		63AB33211FA2BAF800ED5452 /* Debug */ = {
			isa = XCBuildConfiguration;
			buildSettings = {
				ASSETCATALOG_COMPILER_APPICON_NAME = AppIcon;
				CODE_SIGN_STYLE = Automatic;
				INFOPLIST_FILE = "Ohm's Law Calculator/Info.plist";
				LD_RUNPATH_SEARCH_PATHS = "$(inherited) @executable_path/Frameworks";
				PRODUCT_BUNDLE_IDENTIFIER = "GCSC.Ohm-s-Law-Calculator";
				PRODUCT_NAME = "$(TARGET_NAME)";
				SWIFT_VERSION = 4.0;
				TARGETED_DEVICE_FAMILY = "1,2";
			};
			name = Debug;
		};
		63AB33221FA2BAF800ED5452 /* Release */ = {
			isa = XCBuildConfiguration;
			buildSettings = {
				ASSETCATALOG_COMPILER_APPICON_NAME = AppIcon;
				CODE_SIGN_STYLE = Automatic;
				INFOPLIST_FILE = "Ohm's Law Calculator/Info.plist";
				LD_RUNPATH_SEARCH_PATHS = "$(inherited) @executable_path/Frameworks";
				PRODUCT_BUNDLE_IDENTIFIER = "GCSC.Ohm-s-Law-Calculator";
				PRODUCT_NAME = "$(TARGET_NAME)";
				SWIFT_VERSION = 4.0;
				TARGETED_DEVICE_FAMILY = "1,2";
			};
			name = Release;
		};
		63AB33241FA2BAF800ED5452 /* Debug */ = {
			isa = XCBuildConfiguration;
			buildSettings = {
				ALWAYS_EMBED_SWIFT_STANDARD_LIBRARIES = YES;
				BUNDLE_LOADER = "$(TEST_HOST)";
				CODE_SIGN_STYLE = Automatic;
				INFOPLIST_FILE = "Ohm's Law CalculatorTests/Info.plist";
				LD_RUNPATH_SEARCH_PATHS = "$(inherited) @executable_path/Frameworks @loader_path/Frameworks";
				PRODUCT_BUNDLE_IDENTIFIER = "GCSC.Ohm-s-Law-CalculatorTests";
				PRODUCT_NAME = "$(TARGET_NAME)";
				SWIFT_VERSION = 4.0;
				TARGETED_DEVICE_FAMILY = "1,2";
				TEST_HOST = "$(BUILT_PRODUCTS_DIR)/Ohm's Law Calculator.app/Ohm's Law Calculator";
			};
			name = Debug;
		};
		63AB33251FA2BAF800ED5452 /* Release */ = {
			isa = XCBuildConfiguration;
			buildSettings = {
				ALWAYS_EMBED_SWIFT_STANDARD_LIBRARIES = YES;
				BUNDLE_LOADER = "$(TEST_HOST)";
				CODE_SIGN_STYLE = Automatic;
				INFOPLIST_FILE = "Ohm's Law CalculatorTests/Info.plist";
				LD_RUNPATH_SEARCH_PATHS = "$(inherited) @executable_path/Frameworks @loader_path/Frameworks";
				PRODUCT_BUNDLE_IDENTIFIER = "GCSC.Ohm-s-Law-CalculatorTests";
				PRODUCT_NAME = "$(TARGET_NAME)";
				SWIFT_VERSION = 4.0;
				TARGETED_DEVICE_FAMILY = "1,2";
				TEST_HOST = "$(BUILT_PRODUCTS_DIR)/Ohm's Law Calculator.app/Ohm's Law Calculator";
			};
			name = Release;
		};
		63AB33271FA2BAF800ED5452 /* Debug */ = {
			isa = XCBuildConfiguration;
			buildSettings = {
				ALWAYS_EMBED_SWIFT_STANDARD_LIBRARIES = YES;
				CODE_SIGN_STYLE = Automatic;
				INFOPLIST_FILE = "Ohm's Law CalculatorUITests/Info.plist";
				LD_RUNPATH_SEARCH_PATHS = "$(inherited) @executable_path/Frameworks @loader_path/Frameworks";
				PRODUCT_BUNDLE_IDENTIFIER = "GCSC.Ohm-s-Law-CalculatorUITests";
				PRODUCT_NAME = "$(TARGET_NAME)";
				SWIFT_VERSION = 4.0;
				TARGETED_DEVICE_FAMILY = "1,2";
				TEST_TARGET_NAME = "Ohm's Law Calculator";
			};
			name = Debug;
		};
		63AB33281FA2BAF800ED5452 /* Release */ = {
			isa = XCBuildConfiguration;
			buildSettings = {
				ALWAYS_EMBED_SWIFT_STANDARD_LIBRARIES = YES;
				CODE_SIGN_STYLE = Automatic;
				INFOPLIST_FILE = "Ohm's Law CalculatorUITests/Info.plist";
				LD_RUNPATH_SEARCH_PATHS = "$(inherited) @executable_path/Frameworks @loader_path/Frameworks";
				PRODUCT_BUNDLE_IDENTIFIER = "GCSC.Ohm-s-Law-CalculatorUITests";
				PRODUCT_NAME = "$(TARGET_NAME)";
				SWIFT_VERSION = 4.0;
				TARGETED_DEVICE_FAMILY = "1,2";
				TEST_TARGET_NAME = "Ohm's Law Calculator";
			};
			name = Release;
		};
/* End XCBuildConfiguration section */

/* Begin XCConfigurationList section */
		63AB32F31FA2BAF700ED5452 /* Build configuration list for PBXProject "Ohm's Law Calculator" */ = {
			isa = XCConfigurationList;
			buildConfigurations = (
				63AB331E1FA2BAF800ED5452 /* Debug */,
				63AB331F1FA2BAF800ED5452 /* Release */,
			);
			defaultConfigurationIsVisible = 0;
			defaultConfigurationName = Release;
		};
		63AB33201FA2BAF800ED5452 /* Build configuration list for PBXNativeTarget "Ohm's Law Calculator" */ = {
			isa = XCConfigurationList;
			buildConfigurations = (
				63AB33211FA2BAF800ED5452 /* Debug */,
				63AB33221FA2BAF800ED5452 /* Release */,
			);
			defaultConfigurationIsVisible = 0;
			defaultConfigurationName = Release;
		};
		63AB33231FA2BAF800ED5452 /* Build configuration list for PBXNativeTarget "Ohm's Law CalculatorTests" */ = {
			isa = XCConfigurationList;
			buildConfigurations = (
				63AB33241FA2BAF800ED5452 /* Debug */,
				63AB33251FA2BAF800ED5452 /* Release */,
			);
			defaultConfigurationIsVisible = 0;
			defaultConfigurationName = Release;
		};
		63AB33261FA2BAF800ED5452 /* Build configuration list for PBXNativeTarget "Ohm's Law CalculatorUITests" */ = {
			isa = XCConfigurationList;
			buildConfigurations = (
				63AB33271FA2BAF800ED5452 /* Debug */,
				63AB33281FA2BAF800ED5452 /* Release */,
			);
			defaultConfigurationIsVisible = 0;
			defaultConfigurationName = Release;
		};
/* End XCConfigurationList section */
	};
	rootObject = 63AB32F01FA2BAF700ED5452 /* Project object */;
}
